// !$*UTF8*$!
{
	archiveVersion = 1;
	classes = {
	};
	objectVersion = 52;
	objects = {

/* Begin PBXBuildFile section */
		705EB9B8237CC01E000A6FD9 /* UserFetcher.swift in Sources */ = {isa = PBXBuildFile; fileRef = 705EB9B7237CC01E000A6FD9 /* UserFetcher.swift */; };
		705EB9BC237CC196000A6FD9 /* UserEntity.swift in Sources */ = {isa = PBXBuildFile; fileRef = 705EB9BB237CC196000A6FD9 /* UserEntity.swift */; };
		705EB9BE237CC1AB000A6FD9 /* User.swift in Sources */ = {isa = PBXBuildFile; fileRef = 705EB9BD237CC1AB000A6FD9 /* User.swift */; };
		705EB9C0237CC42E000A6FD9 /* RandomUserApiResponse.swift in Sources */ = {isa = PBXBuildFile; fileRef = 705EB9BF237CC42E000A6FD9 /* RandomUserApiResponse.swift */; };
		708717B0237F58A60092FA08 /* DateUtils.swift in Sources */ = {isa = PBXBuildFile; fileRef = 708717AF237F58A60092FA08 /* DateUtils.swift */; };
		708717B2237F64530092FA08 /* NationalityUtils.swift in Sources */ = {isa = PBXBuildFile; fileRef = 708717B1237F64530092FA08 /* NationalityUtils.swift */; };
		708717B4237F821E0092FA08 /* UserFetcherTests.swift in Sources */ = {isa = PBXBuildFile; fileRef = 708717B3237F821E0092FA08 /* UserFetcherTests.swift */; };
		708717CB237FA1280092FA08 /* EntwineTest in Frameworks */ = {isa = PBXBuildFile; productRef = 708717B6237F88810092FA08 /* EntwineTest */; };
		708717CC237FA1280092FA08 /* Entwine in Frameworks */ = {isa = PBXBuildFile; productRef = 708717B8237F88810092FA08 /* Entwine */; };
		708717CE237FA1870092FA08 /* UserDetailsView.swift in Sources */ = {isa = PBXBuildFile; fileRef = 708717CD237FA1870092FA08 /* UserDetailsView.swift */; };
		708717D0237FA40E0092FA08 /* MapView.swift in Sources */ = {isa = PBXBuildFile; fileRef = 708717CF237FA40E0092FA08 /* MapView.swift */; };
		708717D2237FC74D0092FA08 /* UserInfoItemView.swift in Sources */ = {isa = PBXBuildFile; fileRef = 708717D1237FC74D0092FA08 /* UserInfoItemView.swift */; };
		70CD88F2237AA4B900CC6493 /* AppDelegate.swift in Sources */ = {isa = PBXBuildFile; fileRef = 70CD88F1237AA4B900CC6493 /* AppDelegate.swift */; };
		70CD88F4237AA4B900CC6493 /* SceneDelegate.swift in Sources */ = {isa = PBXBuildFile; fileRef = 70CD88F3237AA4B900CC6493 /* SceneDelegate.swift */; };
		70CD88F7237AA4B900CC6493 /* RandomUser.xcdatamodeld in Sources */ = {isa = PBXBuildFile; fileRef = 70CD88F5237AA4B900CC6493 /* RandomUser.xcdatamodeld */; };
		70CD88FB237AA4BC00CC6493 /* Assets.xcassets in Resources */ = {isa = PBXBuildFile; fileRef = 70CD88FA237AA4BC00CC6493 /* Assets.xcassets */; };
		70CD88FE237AA4BC00CC6493 /* Preview Assets.xcassets in Resources */ = {isa = PBXBuildFile; fileRef = 70CD88FD237AA4BC00CC6493 /* Preview Assets.xcassets */; };
		70CD8901237AA4BC00CC6493 /* LaunchScreen.storyboard in Resources */ = {isa = PBXBuildFile; fileRef = 70CD88FF237AA4BC00CC6493 /* LaunchScreen.storyboard */; };
		70CD890C237AA4BC00CC6493 /* RandomUserTests.swift in Sources */ = {isa = PBXBuildFile; fileRef = 70CD890B237AA4BC00CC6493 /* RandomUserTests.swift */; };
		70CD8917237AA4BC00CC6493 /* RandomUserUITests.swift in Sources */ = {isa = PBXBuildFile; fileRef = 70CD8916237AA4BC00CC6493 /* RandomUserUITests.swift */; };
		B2E9E1BB9C7F35E0C4BA81B6 /* UserListViewModel.swift in Sources */ = {isa = PBXBuildFile; fileRef = B2E9E0CCF940FA8D9A018ED1 /* UserListViewModel.swift */; };
		B2E9E313B868ABCBCC5DA8B1 /* UserView.swift in Sources */ = {isa = PBXBuildFile; fileRef = B2E9E933AC901B04BD016A77 /* UserView.swift */; };
		B2E9EFE8F5AD65A4782A57E4 /* UserListView.swift in Sources */ = {isa = PBXBuildFile; fileRef = B2E9EED046CD956663E4E518 /* UserListView.swift */; };
		BF1C37AA42033730B9B4F316 /* Pods_RandomUser.framework in Frameworks */ = {isa = PBXBuildFile; fileRef = DFD5F6505A3196E6C9A73DBB /* Pods_RandomUser.framework */; };
/* End PBXBuildFile section */

/* Begin PBXContainerItemProxy section */
		70CD8908237AA4BC00CC6493 /* PBXContainerItemProxy */ = {
			isa = PBXContainerItemProxy;
			containerPortal = 70CD88E6237AA4B900CC6493 /* Project object */;
			proxyType = 1;
			remoteGlobalIDString = 70CD88ED237AA4B900CC6493;
			remoteInfo = RandomUser;
		};
		70CD8913237AA4BC00CC6493 /* PBXContainerItemProxy */ = {
			isa = PBXContainerItemProxy;
			containerPortal = 70CD88E6237AA4B900CC6493 /* Project object */;
			proxyType = 1;
			remoteGlobalIDString = 70CD88ED237AA4B900CC6493;
			remoteInfo = RandomUser;
		};
/* End PBXContainerItemProxy section */

/* Begin PBXFileReference section */
		705EB9B7237CC01E000A6FD9 /* UserFetcher.swift */ = {isa = PBXFileReference; fileEncoding = 4; lastKnownFileType = sourcecode.swift; path = UserFetcher.swift; sourceTree = "<group>"; };
		705EB9BB237CC196000A6FD9 /* UserEntity.swift */ = {isa = PBXFileReference; fileEncoding = 4; lastKnownFileType = sourcecode.swift; path = UserEntity.swift; sourceTree = "<group>"; };
		705EB9BD237CC1AB000A6FD9 /* User.swift */ = {isa = PBXFileReference; lastKnownFileType = sourcecode.swift; path = User.swift; sourceTree = "<group>"; };
		705EB9BF237CC42E000A6FD9 /* RandomUserApiResponse.swift */ = {isa = PBXFileReference; lastKnownFileType = sourcecode.swift; path = RandomUserApiResponse.swift; sourceTree = "<group>"; };
		708717AF237F58A60092FA08 /* DateUtils.swift */ = {isa = PBXFileReference; lastKnownFileType = sourcecode.swift; path = DateUtils.swift; sourceTree = "<group>"; };
		708717B1237F64530092FA08 /* NationalityUtils.swift */ = {isa = PBXFileReference; lastKnownFileType = sourcecode.swift; path = NationalityUtils.swift; sourceTree = "<group>"; };
		708717B3237F821E0092FA08 /* UserFetcherTests.swift */ = {isa = PBXFileReference; lastKnownFileType = sourcecode.swift; path = UserFetcherTests.swift; sourceTree = "<group>"; };
		708717CD237FA1870092FA08 /* UserDetailsView.swift */ = {isa = PBXFileReference; lastKnownFileType = sourcecode.swift; path = UserDetailsView.swift; sourceTree = "<group>"; };
		708717CF237FA40E0092FA08 /* MapView.swift */ = {isa = PBXFileReference; lastKnownFileType = sourcecode.swift; path = MapView.swift; sourceTree = "<group>"; };
		708717D1237FC74D0092FA08 /* UserInfoItemView.swift */ = {isa = PBXFileReference; lastKnownFileType = sourcecode.swift; path = UserInfoItemView.swift; sourceTree = "<group>"; };
		70CD88EE237AA4B900CC6493 /* RandomUser.app */ = {isa = PBXFileReference; explicitFileType = wrapper.application; includeInIndex = 0; path = RandomUser.app; sourceTree = BUILT_PRODUCTS_DIR; };
		70CD88F1237AA4B900CC6493 /* AppDelegate.swift */ = {isa = PBXFileReference; lastKnownFileType = sourcecode.swift; path = AppDelegate.swift; sourceTree = "<group>"; };
		70CD88F3237AA4B900CC6493 /* SceneDelegate.swift */ = {isa = PBXFileReference; lastKnownFileType = sourcecode.swift; path = SceneDelegate.swift; sourceTree = "<group>"; };
		70CD88F6237AA4B900CC6493 /* RandomUser.xcdatamodel */ = {isa = PBXFileReference; lastKnownFileType = wrapper.xcdatamodel; path = RandomUser.xcdatamodel; sourceTree = "<group>"; };
		70CD88FA237AA4BC00CC6493 /* Assets.xcassets */ = {isa = PBXFileReference; lastKnownFileType = folder.assetcatalog; path = Assets.xcassets; sourceTree = "<group>"; };
		70CD88FD237AA4BC00CC6493 /* Preview Assets.xcassets */ = {isa = PBXFileReference; lastKnownFileType = folder.assetcatalog; path = "Preview Assets.xcassets"; sourceTree = "<group>"; };
		70CD8900237AA4BC00CC6493 /* Base */ = {isa = PBXFileReference; lastKnownFileType = file.storyboard; name = Base; path = Base.lproj/LaunchScreen.storyboard; sourceTree = "<group>"; };
		70CD8902237AA4BC00CC6493 /* Info.plist */ = {isa = PBXFileReference; lastKnownFileType = text.plist.xml; path = Info.plist; sourceTree = "<group>"; };
		70CD8907237AA4BC00CC6493 /* RandomUserTests.xctest */ = {isa = PBXFileReference; explicitFileType = wrapper.cfbundle; includeInIndex = 0; path = RandomUserTests.xctest; sourceTree = BUILT_PRODUCTS_DIR; };
		70CD890B237AA4BC00CC6493 /* RandomUserTests.swift */ = {isa = PBXFileReference; lastKnownFileType = sourcecode.swift; path = RandomUserTests.swift; sourceTree = "<group>"; };
		70CD890D237AA4BC00CC6493 /* Info.plist */ = {isa = PBXFileReference; lastKnownFileType = text.plist.xml; path = Info.plist; sourceTree = "<group>"; };
		70CD8912237AA4BC00CC6493 /* RandomUserUITests.xctest */ = {isa = PBXFileReference; explicitFileType = wrapper.cfbundle; includeInIndex = 0; path = RandomUserUITests.xctest; sourceTree = BUILT_PRODUCTS_DIR; };
		70CD8916237AA4BC00CC6493 /* RandomUserUITests.swift */ = {isa = PBXFileReference; lastKnownFileType = sourcecode.swift; path = RandomUserUITests.swift; sourceTree = "<group>"; };
		70CD8918237AA4BC00CC6493 /* Info.plist */ = {isa = PBXFileReference; lastKnownFileType = text.plist.xml; path = Info.plist; sourceTree = "<group>"; };
		7E3ACA539CEE3AB7AC9449D6 /* Pods-RandomUser.debug.xcconfig */ = {isa = PBXFileReference; includeInIndex = 1; lastKnownFileType = text.xcconfig; name = "Pods-RandomUser.debug.xcconfig"; path = "Target Support Files/Pods-RandomUser/Pods-RandomUser.debug.xcconfig"; sourceTree = "<group>"; };
		B2E9E0CCF940FA8D9A018ED1 /* UserListViewModel.swift */ = {isa = PBXFileReference; fileEncoding = 4; lastKnownFileType = sourcecode.swift; path = UserListViewModel.swift; sourceTree = "<group>"; };
		B2E9E933AC901B04BD016A77 /* UserView.swift */ = {isa = PBXFileReference; fileEncoding = 4; lastKnownFileType = sourcecode.swift; path = UserView.swift; sourceTree = "<group>"; };
		B2E9EED046CD956663E4E518 /* UserListView.swift */ = {isa = PBXFileReference; fileEncoding = 4; lastKnownFileType = sourcecode.swift; path = UserListView.swift; sourceTree = "<group>"; };
		CA5CDF9675CCA3E40E3C38C0 /* Pods-RandomUser.release.xcconfig */ = {isa = PBXFileReference; includeInIndex = 1; lastKnownFileType = text.xcconfig; name = "Pods-RandomUser.release.xcconfig"; path = "Target Support Files/Pods-RandomUser/Pods-RandomUser.release.xcconfig"; sourceTree = "<group>"; };
		DFD5F6505A3196E6C9A73DBB /* Pods_RandomUser.framework */ = {isa = PBXFileReference; explicitFileType = wrapper.framework; includeInIndex = 0; path = Pods_RandomUser.framework; sourceTree = BUILT_PRODUCTS_DIR; };
/* End PBXFileReference section */

/* Begin PBXFrameworksBuildPhase section */
		70CD88EB237AA4B900CC6493 /* Frameworks */ = {
			isa = PBXFrameworksBuildPhase;
			buildActionMask = 2147483647;
			files = (
				BF1C37AA42033730B9B4F316 /* Pods_RandomUser.framework in Frameworks */,
			);
			runOnlyForDeploymentPostprocessing = 0;
		};
		70CD8904237AA4BC00CC6493 /* Frameworks */ = {
			isa = PBXFrameworksBuildPhase;
			buildActionMask = 2147483647;
			files = (
				708717CB237FA1280092FA08 /* EntwineTest in Frameworks */,
				708717CC237FA1280092FA08 /* Entwine in Frameworks */,
			);
			runOnlyForDeploymentPostprocessing = 0;
		};
		70CD890F237AA4BC00CC6493 /* Frameworks */ = {
			isa = PBXFrameworksBuildPhase;
			buildActionMask = 2147483647;
			files = (
			);
			runOnlyForDeploymentPostprocessing = 0;
		};
/* End PBXFrameworksBuildPhase section */

/* Begin PBXGroup section */
		05AE9B4AEE0B6CB39140570C /* Pods */ = {
			isa = PBXGroup;
			children = (
				7E3ACA539CEE3AB7AC9449D6 /* Pods-RandomUser.debug.xcconfig */,
				CA5CDF9675CCA3E40E3C38C0 /* Pods-RandomUser.release.xcconfig */,
			);
			path = Pods;
			sourceTree = "<group>";
		};
		705EB9B6237CBFA9000A6FD9 /* Services */ = {
			isa = PBXGroup;
			children = (
				705EB9B7237CC01E000A6FD9 /* UserFetcher.swift */,
			);
			path = Services;
			sourceTree = "<group>";
		};
		705EB9BA237CC120000A6FD9 /* Models */ = {
			isa = PBXGroup;
			children = (
				705EB9BB237CC196000A6FD9 /* UserEntity.swift */,
				705EB9BD237CC1AB000A6FD9 /* User.swift */,
				705EB9BF237CC42E000A6FD9 /* RandomUserApiResponse.swift */,
			);
			path = Models;
			sourceTree = "<group>";
		};
		708717AE237F588D0092FA08 /* Utils */ = {
			isa = PBXGroup;
			children = (
				708717AF237F58A60092FA08 /* DateUtils.swift */,
				708717B1237F64530092FA08 /* NationalityUtils.swift */,
			);
			path = Utils;
			sourceTree = "<group>";
		};
		70CD88E5237AA4B900CC6493 = {
			isa = PBXGroup;
			children = (
				70CD88F0237AA4B900CC6493 /* RandomUser */,
				70CD890A237AA4BC00CC6493 /* RandomUserTests */,
				70CD8915237AA4BC00CC6493 /* RandomUserUITests */,
				70CD88EF237AA4B900CC6493 /* Products */,
				05AE9B4AEE0B6CB39140570C /* Pods */,
				7956BBDBBE59311FEF71E6DC /* Frameworks */,
			);
			sourceTree = "<group>";
		};
		70CD88EF237AA4B900CC6493 /* Products */ = {
			isa = PBXGroup;
			children = (
				70CD88EE237AA4B900CC6493 /* RandomUser.app */,
				70CD8907237AA4BC00CC6493 /* RandomUserTests.xctest */,
				70CD8912237AA4BC00CC6493 /* RandomUserUITests.xctest */,
			);
			name = Products;
			sourceTree = "<group>";
		};
		70CD88F0237AA4B900CC6493 /* RandomUser */ = {
			isa = PBXGroup;
			children = (
				708717AE237F588D0092FA08 /* Utils */,
				705EB9BA237CC120000A6FD9 /* Models */,
				705EB9B6237CBFA9000A6FD9 /* Services */,
				70CD88F1237AA4B900CC6493 /* AppDelegate.swift */,
				70CD88F3237AA4B900CC6493 /* SceneDelegate.swift */,
				70CD88FA237AA4BC00CC6493 /* Assets.xcassets */,
				70CD88FF237AA4BC00CC6493 /* LaunchScreen.storyboard */,
				70CD8902237AA4BC00CC6493 /* Info.plist */,
				70CD88F5237AA4B900CC6493 /* RandomUser.xcdatamodeld */,
				70CD88FC237AA4BC00CC6493 /* Preview Content */,
				B2E9E2755211DA645229A83B /* UI */,
			);
			path = RandomUser;
			sourceTree = "<group>";
		};
		70CD88FC237AA4BC00CC6493 /* Preview Content */ = {
			isa = PBXGroup;
			children = (
				70CD88FD237AA4BC00CC6493 /* Preview Assets.xcassets */,
			);
			path = "Preview Content";
			sourceTree = "<group>";
		};
		70CD890A237AA4BC00CC6493 /* RandomUserTests */ = {
			isa = PBXGroup;
			children = (
				70CD890B237AA4BC00CC6493 /* RandomUserTests.swift */,
				70CD890D237AA4BC00CC6493 /* Info.plist */,
				708717B3237F821E0092FA08 /* UserFetcherTests.swift */,
			);
			path = RandomUserTests;
			sourceTree = "<group>";
		};
		70CD8915237AA4BC00CC6493 /* RandomUserUITests */ = {
			isa = PBXGroup;
			children = (
				70CD8916237AA4BC00CC6493 /* RandomUserUITests.swift */,
				70CD8918237AA4BC00CC6493 /* Info.plist */,
			);
			path = RandomUserUITests;
			sourceTree = "<group>";
		};
		7956BBDBBE59311FEF71E6DC /* Frameworks */ = {
			isa = PBXGroup;
			children = (
				DFD5F6505A3196E6C9A73DBB /* Pods_RandomUser.framework */,
			);
			name = Frameworks;
			sourceTree = "<group>";
		};
		B2E9E2755211DA645229A83B /* UI */ = {
			isa = PBXGroup;
			children = (
				B2E9E979E473B7B094139B55 /* UserList */,
				B2E9EE6B2FE3EEC8E29A1179 /* UserDetails */,
			);
			path = UI;
			sourceTree = "<group>";
		};
		B2E9E979E473B7B094139B55 /* UserList */ = {
			isa = PBXGroup;
			children = (
				B2E9EED046CD956663E4E518 /* UserListView.swift */,
				B2E9E933AC901B04BD016A77 /* UserView.swift */,
				B2E9E0CCF940FA8D9A018ED1 /* UserListViewModel.swift */,
			);
			path = UserList;
			sourceTree = "<group>";
		};
		B2E9EE6B2FE3EEC8E29A1179 /* UserDetails */ = {
			isa = PBXGroup;
			children = (
				708717CD237FA1870092FA08 /* UserDetailsView.swift */,
				708717CF237FA40E0092FA08 /* MapView.swift */,
				708717D1237FC74D0092FA08 /* UserInfoItemView.swift */,
			);
			path = UserDetails;
			sourceTree = "<group>";
		};
/* End PBXGroup section */

/* Begin PBXNativeTarget section */
		70CD88ED237AA4B900CC6493 /* RandomUser */ = {
			isa = PBXNativeTarget;
			buildConfigurationList = 70CD891B237AA4BC00CC6493 /* Build configuration list for PBXNativeTarget "RandomUser" */;
			buildPhases = (
				E48CC071EFB5BD8E24629B03 /* [CP] Check Pods Manifest.lock */,
				70CD88EA237AA4B900CC6493 /* Sources */,
				70CD88EB237AA4B900CC6493 /* Frameworks */,
				70CD88EC237AA4B900CC6493 /* Resources */,
				8D69DC7E15F091FCE3C680BF /* [CP] Embed Pods Frameworks */,
			);
			buildRules = (
			);
			dependencies = (
			);
			name = RandomUser;
			productName = RandomUser;
			productReference = 70CD88EE237AA4B900CC6493 /* RandomUser.app */;
			productType = "com.apple.product-type.application";
		};
		70CD8906237AA4BC00CC6493 /* RandomUserTests */ = {
			isa = PBXNativeTarget;
			buildConfigurationList = 70CD891E237AA4BC00CC6493 /* Build configuration list for PBXNativeTarget "RandomUserTests" */;
			buildPhases = (
				70CD8903237AA4BC00CC6493 /* Sources */,
				70CD8904237AA4BC00CC6493 /* Frameworks */,
				70CD8905237AA4BC00CC6493 /* Resources */,
			);
			buildRules = (
			);
			dependencies = (
				70CD8909237AA4BC00CC6493 /* PBXTargetDependency */,
			);
			name = RandomUserTests;
			packageProductDependencies = (
				708717B6237F88810092FA08 /* EntwineTest */,
				708717B8237F88810092FA08 /* Entwine */,
			);
			productName = RandomUserTests;
			productReference = 70CD8907237AA4BC00CC6493 /* RandomUserTests.xctest */;
			productType = "com.apple.product-type.bundle.unit-test";
		};
		70CD8911237AA4BC00CC6493 /* RandomUserUITests */ = {
			isa = PBXNativeTarget;
			buildConfigurationList = 70CD8921237AA4BC00CC6493 /* Build configuration list for PBXNativeTarget "RandomUserUITests" */;
			buildPhases = (
				70CD890E237AA4BC00CC6493 /* Sources */,
				70CD890F237AA4BC00CC6493 /* Frameworks */,
				70CD8910237AA4BC00CC6493 /* Resources */,
			);
			buildRules = (
			);
			dependencies = (
				70CD8914237AA4BC00CC6493 /* PBXTargetDependency */,
			);
			name = RandomUserUITests;
			productName = RandomUserUITests;
			productReference = 70CD8912237AA4BC00CC6493 /* RandomUserUITests.xctest */;
			productType = "com.apple.product-type.bundle.ui-testing";
		};
/* End PBXNativeTarget section */

/* Begin PBXProject section */
		70CD88E6237AA4B900CC6493 /* Project object */ = {
			isa = PBXProject;
			attributes = {
				LastSwiftUpdateCheck = 1120;
				LastUpgradeCheck = 1120;
				ORGANIZATIONNAME = Haoming;
				TargetAttributes = {
					70CD88ED237AA4B900CC6493 = {
						CreatedOnToolsVersion = 11.2;
					};
					70CD8906237AA4BC00CC6493 = {
						CreatedOnToolsVersion = 11.2;
						TestTargetID = 70CD88ED237AA4B900CC6493;
					};
					70CD8911237AA4BC00CC6493 = {
						CreatedOnToolsVersion = 11.2;
						TestTargetID = 70CD88ED237AA4B900CC6493;
					};
				};
			};
			buildConfigurationList = 70CD88E9237AA4B900CC6493 /* Build configuration list for PBXProject "RandomUser" */;
			compatibilityVersion = "Xcode 9.3";
			developmentRegion = en;
			hasScannedForEncodings = 0;
			knownRegions = (
				en,
				Base,
			);
			mainGroup = 70CD88E5237AA4B900CC6493;
			packageReferences = (
				708717B5237F88810092FA08 /* XCRemoteSwiftPackageReference "Entwine" */,
			);
			productRefGroup = 70CD88EF237AA4B900CC6493 /* Products */;
			projectDirPath = "";
			projectRoot = "";
			targets = (
				70CD88ED237AA4B900CC6493 /* RandomUser */,
				70CD8906237AA4BC00CC6493 /* RandomUserTests */,
				70CD8911237AA4BC00CC6493 /* RandomUserUITests */,
			);
		};
/* End PBXProject section */

/* Begin PBXResourcesBuildPhase section */
		70CD88EC237AA4B900CC6493 /* Resources */ = {
			isa = PBXResourcesBuildPhase;
			buildActionMask = 2147483647;
			files = (
				70CD8901237AA4BC00CC6493 /* LaunchScreen.storyboard in Resources */,
				70CD88FE237AA4BC00CC6493 /* Preview Assets.xcassets in Resources */,
				70CD88FB237AA4BC00CC6493 /* Assets.xcassets in Resources */,
			);
			runOnlyForDeploymentPostprocessing = 0;
		};
		70CD8905237AA4BC00CC6493 /* Resources */ = {
			isa = PBXResourcesBuildPhase;
			buildActionMask = 2147483647;
			files = (
			);
			runOnlyForDeploymentPostprocessing = 0;
		};
		70CD8910237AA4BC00CC6493 /* Resources */ = {
			isa = PBXResourcesBuildPhase;
			buildActionMask = 2147483647;
			files = (
			);
			runOnlyForDeploymentPostprocessing = 0;
		};
/* End PBXResourcesBuildPhase section */

/* Begin PBXShellScriptBuildPhase section */
		8D69DC7E15F091FCE3C680BF /* [CP] Embed Pods Frameworks */ = {
			isa = PBXShellScriptBuildPhase;
			buildActionMask = 2147483647;
			files = (
			);
			inputFileListPaths = (
				"${PODS_ROOT}/Target Support Files/Pods-RandomUser/Pods-RandomUser-frameworks-${CONFIGURATION}-input-files.xcfilelist",
			);
			name = "[CP] Embed Pods Frameworks";
			outputFileListPaths = (
				"${PODS_ROOT}/Target Support Files/Pods-RandomUser/Pods-RandomUser-frameworks-${CONFIGURATION}-output-files.xcfilelist",
			);
			runOnlyForDeploymentPostprocessing = 0;
			shellPath = /bin/sh;
			shellScript = "\"${PODS_ROOT}/Target Support Files/Pods-RandomUser/Pods-RandomUser-frameworks.sh\"\n";
			showEnvVarsInLog = 0;
		};
		E48CC071EFB5BD8E24629B03 /* [CP] Check Pods Manifest.lock */ = {
			isa = PBXShellScriptBuildPhase;
			buildActionMask = 2147483647;
			files = (
			);
			inputFileListPaths = (
			);
			inputPaths = (
				"${PODS_PODFILE_DIR_PATH}/Podfile.lock",
				"${PODS_ROOT}/Manifest.lock",
			);
			name = "[CP] Check Pods Manifest.lock";
			outputFileListPaths = (
			);
			outputPaths = (
				"$(DERIVED_FILE_DIR)/Pods-RandomUser-checkManifestLockResult.txt",
			);
			runOnlyForDeploymentPostprocessing = 0;
			shellPath = /bin/sh;
			shellScript = "diff \"${PODS_PODFILE_DIR_PATH}/Podfile.lock\" \"${PODS_ROOT}/Manifest.lock\" > /dev/null\nif [ $? != 0 ] ; then\n    # print error to STDERR\n    echo \"error: The sandbox is not in sync with the Podfile.lock. Run 'pod install' or update your CocoaPods installation.\" >&2\n    exit 1\nfi\n# This output is used by Xcode 'outputs' to avoid re-running this script phase.\necho \"SUCCESS\" > \"${SCRIPT_OUTPUT_FILE_0}\"\n";
			showEnvVarsInLog = 0;
		};
/* End PBXShellScriptBuildPhase section */

/* Begin PBXSourcesBuildPhase section */
		70CD88EA237AA4B900CC6493 /* Sources */ = {
			isa = PBXSourcesBuildPhase;
			buildActionMask = 2147483647;
			files = (
				70CD88F7237AA4B900CC6493 /* RandomUser.xcdatamodeld in Sources */,
				705EB9B8237CC01E000A6FD9 /* UserFetcher.swift in Sources */,
				70CD88F2237AA4B900CC6493 /* AppDelegate.swift in Sources */,
				708717B0237F58A60092FA08 /* DateUtils.swift in Sources */,
				708717B2237F64530092FA08 /* NationalityUtils.swift in Sources */,
				705EB9BE237CC1AB000A6FD9 /* User.swift in Sources */,
				705EB9BC237CC196000A6FD9 /* UserEntity.swift in Sources */,
				708717D0237FA40E0092FA08 /* MapView.swift in Sources */,
				705EB9C0237CC42E000A6FD9 /* RandomUserApiResponse.swift in Sources */,
				708717CE237FA1870092FA08 /* UserDetailsView.swift in Sources */,
				708717D2237FC74D0092FA08 /* UserInfoItemView.swift in Sources */,
				70CD88F4237AA4B900CC6493 /* SceneDelegate.swift in Sources */,
				B2E9EFE8F5AD65A4782A57E4 /* UserListView.swift in Sources */,
				B2E9E313B868ABCBCC5DA8B1 /* UserView.swift in Sources */,
				B2E9E1BB9C7F35E0C4BA81B6 /* UserListViewModel.swift in Sources */,
			);
			runOnlyForDeploymentPostprocessing = 0;
		};
		70CD8903237AA4BC00CC6493 /* Sources */ = {
			isa = PBXSourcesBuildPhase;
			buildActionMask = 2147483647;
			files = (
				708717B4237F821E0092FA08 /* UserFetcherTests.swift in Sources */,
				70CD890C237AA4BC00CC6493 /* RandomUserTests.swift in Sources */,
			);
			runOnlyForDeploymentPostprocessing = 0;
		};
		70CD890E237AA4BC00CC6493 /* Sources */ = {
			isa = PBXSourcesBuildPhase;
			buildActionMask = 2147483647;
			files = (
				70CD8917237AA4BC00CC6493 /* RandomUserUITests.swift in Sources */,
			);
			runOnlyForDeploymentPostprocessing = 0;
		};
/* End PBXSourcesBuildPhase section */

/* Begin PBXTargetDependency section */
		70CD8909237AA4BC00CC6493 /* PBXTargetDependency */ = {
			isa = PBXTargetDependency;
			target = 70CD88ED237AA4B900CC6493 /* RandomUser */;
			targetProxy = 70CD8908237AA4BC00CC6493 /* PBXContainerItemProxy */;
		};
		70CD8914237AA4BC00CC6493 /* PBXTargetDependency */ = {
			isa = PBXTargetDependency;
			target = 70CD88ED237AA4B900CC6493 /* RandomUser */;
			targetProxy = 70CD8913237AA4BC00CC6493 /* PBXContainerItemProxy */;
		};
/* End PBXTargetDependency section */

/* Begin PBXVariantGroup section */
		70CD88FF237AA4BC00CC6493 /* LaunchScreen.storyboard */ = {
			isa = PBXVariantGroup;
			children = (
				70CD8900237AA4BC00CC6493 /* Base */,
			);
			name = LaunchScreen.storyboard;
			sourceTree = "<group>";
		};
/* End PBXVariantGroup section */

/* Begin XCBuildConfiguration section */
		70CD8919237AA4BC00CC6493 /* Debug */ = {
			isa = XCBuildConfiguration;
			buildSettings = {
				ALWAYS_SEARCH_USER_PATHS = NO;
				CLANG_ANALYZER_NONNULL = YES;
				CLANG_ANALYZER_NUMBER_OBJECT_CONVERSION = YES_AGGRESSIVE;
				CLANG_CXX_LANGUAGE_STANDARD = "gnu++14";
				CLANG_CXX_LIBRARY = "libc++";
				CLANG_ENABLE_MODULES = YES;
				CLANG_ENABLE_OBJC_ARC = YES;
				CLANG_ENABLE_OBJC_WEAK = YES;
				CLANG_WARN_BLOCK_CAPTURE_AUTORELEASING = YES;
				CLANG_WARN_BOOL_CONVERSION = YES;
				CLANG_WARN_COMMA = YES;
				CLANG_WARN_CONSTANT_CONVERSION = YES;
				CLANG_WARN_DEPRECATED_OBJC_IMPLEMENTATIONS = YES;
				CLANG_WARN_DIRECT_OBJC_ISA_USAGE = YES_ERROR;
				CLANG_WARN_DOCUMENTATION_COMMENTS = YES;
				CLANG_WARN_EMPTY_BODY = YES;
				CLANG_WARN_ENUM_CONVERSION = YES;
				CLANG_WARN_INFINITE_RECURSION = YES;
				CLANG_WARN_INT_CONVERSION = YES;
				CLANG_WARN_NON_LITERAL_NULL_CONVERSION = YES;
				CLANG_WARN_OBJC_IMPLICIT_RETAIN_SELF = YES;
				CLANG_WARN_OBJC_LITERAL_CONVERSION = YES;
				CLANG_WARN_OBJC_ROOT_CLASS = YES_ERROR;
				CLANG_WARN_RANGE_LOOP_ANALYSIS = YES;
				CLANG_WARN_STRICT_PROTOTYPES = YES;
				CLANG_WARN_SUSPICIOUS_MOVE = YES;
				CLANG_WARN_UNGUARDED_AVAILABILITY = YES_AGGRESSIVE;
				CLANG_WARN_UNREACHABLE_CODE = YES;
				CLANG_WARN__DUPLICATE_METHOD_MATCH = YES;
				COPY_PHASE_STRIP = NO;
				DEBUG_INFORMATION_FORMAT = dwarf;
				ENABLE_STRICT_OBJC_MSGSEND = YES;
				ENABLE_TESTABILITY = YES;
				GCC_C_LANGUAGE_STANDARD = gnu11;
				GCC_DYNAMIC_NO_PIC = NO;
				GCC_NO_COMMON_BLOCKS = YES;
				GCC_OPTIMIZATION_LEVEL = 0;
				GCC_PREPROCESSOR_DEFINITIONS = (
					"DEBUG=1",
					"$(inherited)",
				);
				GCC_WARN_64_TO_32_BIT_CONVERSION = YES;
				GCC_WARN_ABOUT_RETURN_TYPE = YES_ERROR;
				GCC_WARN_UNDECLARED_SELECTOR = YES;
				GCC_WARN_UNINITIALIZED_AUTOS = YES_AGGRESSIVE;
				GCC_WARN_UNUSED_FUNCTION = YES;
				GCC_WARN_UNUSED_VARIABLE = YES;
				IPHONEOS_DEPLOYMENT_TARGET = 13.2;
				MTL_ENABLE_DEBUG_INFO = INCLUDE_SOURCE;
				MTL_FAST_MATH = YES;
				ONLY_ACTIVE_ARCH = YES;
				SDKROOT = iphoneos;
				SWIFT_ACTIVE_COMPILATION_CONDITIONS = DEBUG;
				SWIFT_OPTIMIZATION_LEVEL = "-Onone";
			};
			name = Debug;
		};
		70CD891A237AA4BC00CC6493 /* Release */ = {
			isa = XCBuildConfiguration;
			buildSettings = {
				ALWAYS_SEARCH_USER_PATHS = NO;
				CLANG_ANALYZER_NONNULL = YES;
				CLANG_ANALYZER_NUMBER_OBJECT_CONVERSION = YES_AGGRESSIVE;
				CLANG_CXX_LANGUAGE_STANDARD = "gnu++14";
				CLANG_CXX_LIBRARY = "libc++";
				CLANG_ENABLE_MODULES = YES;
				CLANG_ENABLE_OBJC_ARC = YES;
				CLANG_ENABLE_OBJC_WEAK = YES;
				CLANG_WARN_BLOCK_CAPTURE_AUTORELEASING = YES;
				CLANG_WARN_BOOL_CONVERSION = YES;
				CLANG_WARN_COMMA = YES;
				CLANG_WARN_CONSTANT_CONVERSION = YES;
				CLANG_WARN_DEPRECATED_OBJC_IMPLEMENTATIONS = YES;
				CLANG_WARN_DIRECT_OBJC_ISA_USAGE = YES_ERROR;
				CLANG_WARN_DOCUMENTATION_COMMENTS = YES;
				CLANG_WARN_EMPTY_BODY = YES;
				CLANG_WARN_ENUM_CONVERSION = YES;
				CLANG_WARN_INFINITE_RECURSION = YES;
				CLANG_WARN_INT_CONVERSION = YES;
				CLANG_WARN_NON_LITERAL_NULL_CONVERSION = YES;
				CLANG_WARN_OBJC_IMPLICIT_RETAIN_SELF = YES;
				CLANG_WARN_OBJC_LITERAL_CONVERSION = YES;
				CLANG_WARN_OBJC_ROOT_CLASS = YES_ERROR;
				CLANG_WARN_RANGE_LOOP_ANALYSIS = YES;
				CLANG_WARN_STRICT_PROTOTYPES = YES;
				CLANG_WARN_SUSPICIOUS_MOVE = YES;
				CLANG_WARN_UNGUARDED_AVAILABILITY = YES_AGGRESSIVE;
				CLANG_WARN_UNREACHABLE_CODE = YES;
				CLANG_WARN__DUPLICATE_METHOD_MATCH = YES;
				COPY_PHASE_STRIP = NO;
				DEBUG_INFORMATION_FORMAT = "dwarf-with-dsym";
				ENABLE_NS_ASSERTIONS = NO;
				ENABLE_STRICT_OBJC_MSGSEND = YES;
				GCC_C_LANGUAGE_STANDARD = gnu11;
				GCC_NO_COMMON_BLOCKS = YES;
				GCC_WARN_64_TO_32_BIT_CONVERSION = YES;
				GCC_WARN_ABOUT_RETURN_TYPE = YES_ERROR;
				GCC_WARN_UNDECLARED_SELECTOR = YES;
				GCC_WARN_UNINITIALIZED_AUTOS = YES_AGGRESSIVE;
				GCC_WARN_UNUSED_FUNCTION = YES;
				GCC_WARN_UNUSED_VARIABLE = YES;
				IPHONEOS_DEPLOYMENT_TARGET = 13.2;
				MTL_ENABLE_DEBUG_INFO = NO;
				MTL_FAST_MATH = YES;
				SDKROOT = iphoneos;
				SWIFT_COMPILATION_MODE = wholemodule;
				SWIFT_OPTIMIZATION_LEVEL = "-O";
				VALIDATE_PRODUCT = YES;
			};
			name = Release;
		};
		70CD891C237AA4BC00CC6493 /* Debug */ = {
			isa = XCBuildConfiguration;
			baseConfigurationReference = 7E3ACA539CEE3AB7AC9449D6 /* Pods-RandomUser.debug.xcconfig */;
			buildSettings = {
				ASSETCATALOG_COMPILER_APPICON_NAME = AppIcon;
				CODE_SIGN_STYLE = Automatic;
				DEVELOPMENT_ASSET_PATHS = "\"RandomUser/Preview Content\"";
				DEVELOPMENT_TEAM = HQ788NBD3H;
				ENABLE_PREVIEWS = YES;
				INFOPLIST_FILE = RandomUser/Info.plist;
				LD_RUNPATH_SEARCH_PATHS = (
					"$(inherited)",
					"@executable_path/Frameworks",
				);
				PRODUCT_BUNDLE_IDENTIFIER = com.infinialbum.RandomUser;
				PRODUCT_NAME = "$(TARGET_NAME)";
				SWIFT_VERSION = 5.0;
				TARGETED_DEVICE_FAMILY = "1,2";
			};
			name = Debug;
		};
		70CD891D237AA4BC00CC6493 /* Release */ = {
			isa = XCBuildConfiguration;
			baseConfigurationReference = CA5CDF9675CCA3E40E3C38C0 /* Pods-RandomUser.release.xcconfig */;
			buildSettings = {
				ASSETCATALOG_COMPILER_APPICON_NAME = AppIcon;
				CODE_SIGN_STYLE = Automatic;
				DEVELOPMENT_ASSET_PATHS = "\"RandomUser/Preview Content\"";
				DEVELOPMENT_TEAM = HQ788NBD3H;
				ENABLE_PREVIEWS = YES;
				INFOPLIST_FILE = RandomUser/Info.plist;
				LD_RUNPATH_SEARCH_PATHS = (
					"$(inherited)",
					"@executable_path/Frameworks",
				);
				PRODUCT_BUNDLE_IDENTIFIER = com.infinialbum.RandomUser;
				PRODUCT_NAME = "$(TARGET_NAME)";
				SWIFT_VERSION = 5.0;
				TARGETED_DEVICE_FAMILY = "1,2";
			};
			name = Release;
		};
		70CD891F237AA4BC00CC6493 /* Debug */ = {
			isa = XCBuildConfiguration;
			buildSettings = {
				ALWAYS_EMBED_SWIFT_STANDARD_LIBRARIES = YES;
				BUNDLE_LOADER = "$(TEST_HOST)";
				CODE_SIGN_STYLE = Automatic;
				DEVELOPMENT_TEAM = HQ788NBD3H;
				INFOPLIST_FILE = RandomUserTests/Info.plist;
				IPHONEOS_DEPLOYMENT_TARGET = 13.2;
				LD_RUNPATH_SEARCH_PATHS = (
					"$(inherited)",
					"@executable_path/Frameworks",
					"@loader_path/Frameworks",
				);
				PRODUCT_BUNDLE_IDENTIFIER = com.infinialbum.RandomUserTests;
				PRODUCT_NAME = "$(TARGET_NAME)";
				SWIFT_VERSION = 5.0;
				TARGETED_DEVICE_FAMILY = "1,2";
				TEST_HOST = "$(BUILT_PRODUCTS_DIR)/RandomUser.app/RandomUser";
			};
			name = Debug;
		};
		70CD8920237AA4BC00CC6493 /* Release */ = {
			isa = XCBuildConfiguration;
			buildSettings = {
				ALWAYS_EMBED_SWIFT_STANDARD_LIBRARIES = YES;
				BUNDLE_LOADER = "$(TEST_HOST)";
				CODE_SIGN_STYLE = Automatic;
				DEVELOPMENT_TEAM = HQ788NBD3H;
				INFOPLIST_FILE = RandomUserTests/Info.plist;
				IPHONEOS_DEPLOYMENT_TARGET = 13.2;
				LD_RUNPATH_SEARCH_PATHS = (
					"$(inherited)",
					"@executable_path/Frameworks",
					"@loader_path/Frameworks",
				);
				PRODUCT_BUNDLE_IDENTIFIER = com.infinialbum.RandomUserTests;
				PRODUCT_NAME = "$(TARGET_NAME)";
				SWIFT_VERSION = 5.0;
				TARGETED_DEVICE_FAMILY = "1,2";
				TEST_HOST = "$(BUILT_PRODUCTS_DIR)/RandomUser.app/RandomUser";
			};
			name = Release;
		};
		70CD8922237AA4BC00CC6493 /* Debug */ = {
			isa = XCBuildConfiguration;
			buildSettings = {
				ALWAYS_EMBED_SWIFT_STANDARD_LIBRARIES = YES;
				CODE_SIGN_STYLE = Automatic;
				DEVELOPMENT_TEAM = HQ788NBD3H;
				INFOPLIST_FILE = RandomUserUITests/Info.plist;
				LD_RUNPATH_SEARCH_PATHS = (
					"$(inherited)",
					"@executable_path/Frameworks",
					"@loader_path/Frameworks",
				);
				PRODUCT_BUNDLE_IDENTIFIER = com.infinialbum.RandomUserUITests;
				PRODUCT_NAME = "$(TARGET_NAME)";
				SWIFT_VERSION = 5.0;
				TARGETED_DEVICE_FAMILY = "1,2";
				TEST_TARGET_NAME = RandomUser;
			};
			name = Debug;
		};
		70CD8923237AA4BC00CC6493 /* Release */ = {
			isa = XCBuildConfiguration;
			buildSettings = {
				ALWAYS_EMBED_SWIFT_STANDARD_LIBRARIES = YES;
				CODE_SIGN_STYLE = Automatic;
				DEVELOPMENT_TEAM = HQ788NBD3H;
				INFOPLIST_FILE = RandomUserUITests/Info.plist;
				LD_RUNPATH_SEARCH_PATHS = (
					"$(inherited)",
					"@executable_path/Frameworks",
					"@loader_path/Frameworks",
				);
				PRODUCT_BUNDLE_IDENTIFIER = com.infinialbum.RandomUserUITests;
				PRODUCT_NAME = "$(TARGET_NAME)";
				SWIFT_VERSION = 5.0;
				TARGETED_DEVICE_FAMILY = "1,2";
				TEST_TARGET_NAME = RandomUser;
			};
			name = Release;
		};
/* End XCBuildConfiguration section */

/* Begin XCConfigurationList section */
		70CD88E9237AA4B900CC6493 /* Build configuration list for PBXProject "RandomUser" */ = {
			isa = XCConfigurationList;
			buildConfigurations = (
				70CD8919237AA4BC00CC6493 /* Debug */,
				70CD891A237AA4BC00CC6493 /* Release */,
			);
			defaultConfigurationIsVisible = 0;
			defaultConfigurationName = Release;
		};
		70CD891B237AA4BC00CC6493 /* Build configuration list for PBXNativeTarget "RandomUser" */ = {
			isa = XCConfigurationList;
			buildConfigurations = (
				70CD891C237AA4BC00CC6493 /* Debug */,
				70CD891D237AA4BC00CC6493 /* Release */,
			);
			defaultConfigurationIsVisible = 0;
			defaultConfigurationName = Release;
		};
		70CD891E237AA4BC00CC6493 /* Build configuration list for PBXNativeTarget "RandomUserTests" */ = {
			isa = XCConfigurationList;
			buildConfigurations = (
				70CD891F237AA4BC00CC6493 /* Debug */,
				70CD8920237AA4BC00CC6493 /* Release */,
			);
			defaultConfigurationIsVisible = 0;
			defaultConfigurationName = Release;
		};
		70CD8921237AA4BC00CC6493 /* Build configuration list for PBXNativeTarget "RandomUserUITests" */ = {
			isa = XCConfigurationList;
			buildConfigurations = (
				70CD8922237AA4BC00CC6493 /* Debug */,
				70CD8923237AA4BC00CC6493 /* Release */,
			);
			defaultConfigurationIsVisible = 0;
			defaultConfigurationName = Release;
		};
/* End XCConfigurationList section */

/* Begin XCRemoteSwiftPackageReference section */
		708717B5237F88810092FA08 /* XCRemoteSwiftPackageReference "Entwine" */ = {
			isa = XCRemoteSwiftPackageReference;
			repositoryURL = "https://github.com/tcldr/Entwine";
			requirement = {
				kind = exactVersion;
				version = 0.8.0;
			};
		};
/* End XCRemoteSwiftPackageReference section */

/* Begin XCSwiftPackageProductDependency section */
		708717B6237F88810092FA08 /* EntwineTest */ = {
			isa = XCSwiftPackageProductDependency;
			package = 708717B5237F88810092FA08 /* XCRemoteSwiftPackageReference "Entwine" */;
			productName = EntwineTest;
		};
		708717B8237F88810092FA08 /* Entwine */ = {
			isa = XCSwiftPackageProductDependency;
			package = 708717B5237F88810092FA08 /* XCRemoteSwiftPackageReference "Entwine" */;
			productName = Entwine;
		};
/* End XCSwiftPackageProductDependency section */

/* Begin XCVersionGroup section */
		70CD88F5237AA4B900CC6493 /* RandomUser.xcdatamodeld */ = {
			isa = XCVersionGroup;
			children = (
				70CD88F6237AA4B900CC6493 /* RandomUser.xcdatamodel */,
			);
			currentVersion = 70CD88F6237AA4B900CC6493 /* RandomUser.xcdatamodel */;
			path = RandomUser.xcdatamodeld;
			sourceTree = "<group>";
			versionGroupType = wrapper.xcdatamodel;
		};
/* End XCVersionGroup section */
	};
	rootObject = 70CD88E6237AA4B900CC6493 /* Project object */;
}
